// !$*UTF8*$!
{
	archiveVersion = 1;
	classes = {
	};
	objectVersion = 46;
	objects = {

/* Begin PBXBuildFile section */
		3809B2601DC105EB00D50EA1 /* InfoViewController.swift in Sources */ = {isa = PBXBuildFile; fileRef = 3809B25F1DC105EB00D50EA1 /* InfoViewController.swift */; };
		380C9AC51DC0229B00417CA0 /* SettingsViewController.swift in Sources */ = {isa = PBXBuildFile; fileRef = 380C9AC41DC0229B00417CA0 /* SettingsViewController.swift */; };
		380F26161DC06063004054BA /* TabViewController.swift in Sources */ = {isa = PBXBuildFile; fileRef = 380F26151DC06063004054BA /* TabViewController.swift */; };
		381177CE1DBC496A000F9BBC /* Teams+CoreDataProperties.swift in Sources */ = {isa = PBXBuildFile; fileRef = 381177CC1DBC496A000F9BBC /* Teams+CoreDataProperties.swift */; };
		381177CF1DBC496A000F9BBC /* Teams.swift in Sources */ = {isa = PBXBuildFile; fileRef = 381177CD1DBC496A000F9BBC /* Teams.swift */; };
		381177D11DBC4EE8000F9BBC /* TeamModel.swift in Sources */ = {isa = PBXBuildFile; fileRef = 381177D01DBC4EE8000F9BBC /* TeamModel.swift */; };
		381177D31DBC8F81000F9BBC /* TableViewCell.swift in Sources */ = {isa = PBXBuildFile; fileRef = 381177D21DBC8F81000F9BBC /* TableViewCell.swift */; };
		381623831DB9715B00BF72CE /* Country+CoreDataProperties.swift in Sources */ = {isa = PBXBuildFile; fileRef = 381623811DB9715B00BF72CE /* Country+CoreDataProperties.swift */; };
		381623841DB9715B00BF72CE /* Country.swift in Sources */ = {isa = PBXBuildFile; fileRef = 381623821DB9715B00BF72CE /* Country.swift */; };
		381623861DB97A9F00BF72CE /* AddViewController.swift in Sources */ = {isa = PBXBuildFile; fileRef = 381623851DB97A9F00BF72CE /* AddViewController.swift */; };
		3816238E1DBABD3A00BF72CE /* CoreDataHelper.swift in Sources */ = {isa = PBXBuildFile; fileRef = 3816238D1DBABD3A00BF72CE /* CoreDataHelper.swift */; };
		382694E61DB8235700B733BC /* AppDelegate.swift in Sources */ = {isa = PBXBuildFile; fileRef = 382694E51DB8235700B733BC /* AppDelegate.swift */; };
		382694E81DB8235700B733BC /* ViewController.swift in Sources */ = {isa = PBXBuildFile; fileRef = 382694E71DB8235700B733BC /* ViewController.swift */; };
		382694EB1DB8235700B733BC /* Main.storyboard in Resources */ = {isa = PBXBuildFile; fileRef = 382694E91DB8235700B733BC /* Main.storyboard */; };
		382694EE1DB8235700B733BC /* rraju_assignment4.xcdatamodeld in Sources */ = {isa = PBXBuildFile; fileRef = 382694EC1DB8235700B733BC /* rraju_assignment4.xcdatamodeld */; };
		382694F01DB8235700B733BC /* Assets.xcassets in Resources */ = {isa = PBXBuildFile; fileRef = 382694EF1DB8235700B733BC /* Assets.xcassets */; };
		382694F31DB8235700B733BC /* LaunchScreen.storyboard in Resources */ = {isa = PBXBuildFile; fileRef = 382694F11DB8235700B733BC /* LaunchScreen.storyboard */; };
		382694FB1DB836DF00B733BC /* PortalService.swift in Sources */ = {isa = PBXBuildFile; fileRef = 382694FA1DB836DF00B733BC /* PortalService.swift */; };
		382695051DB9465000B733BC /* Leagues+CoreDataProperties.swift in Sources */ = {isa = PBXBuildFile; fileRef = 382695031DB9465000B733BC /* Leagues+CoreDataProperties.swift */; };
		382695061DB9465000B733BC /* Leagues.swift in Sources */ = {isa = PBXBuildFile; fileRef = 382695041DB9465000B733BC /* Leagues.swift */; };
		382695091DB94DCC00B733BC /* Sponsors+CoreDataProperties.swift in Sources */ = {isa = PBXBuildFile; fileRef = 382695071DB94DCC00B733BC /* Sponsors+CoreDataProperties.swift */; };
		3826950A1DB94DCC00B733BC /* Sponsors.swift in Sources */ = {isa = PBXBuildFile; fileRef = 382695081DB94DCC00B733BC /* Sponsors.swift */; };
		3857D5A01DBD560000141E6B /* DisplayViewController.swift in Sources */ = {isa = PBXBuildFile; fileRef = 3857D59F1DBD560000141E6B /* DisplayViewController.swift */; };
		3857D5A21DBD5B1400141E6B /* MoreInfoViewController.swift in Sources */ = {isa = PBXBuildFile; fileRef = 3857D5A11DBD5B1400141E6B /* MoreInfoViewController.swift */; };
		3857D5A41DBDC2CA00141E6B /* HomeViewController.swift in Sources */ = {isa = PBXBuildFile; fileRef = 3857D5A31DBDC2CA00141E6B /* HomeViewController.swift */; };
		C714B32F0FE650D44E49894A /* Pods_rraju_assignment4.framework in Frameworks */ = {isa = PBXBuildFile; fileRef = 4BA6BB4FA7F4E1CB43221D0F /* Pods_rraju_assignment4.framework */; };
/* End PBXBuildFile section */

/* Begin PBXFileReference section */
		3809B25F1DC105EB00D50EA1 /* InfoViewController.swift */ = {isa = PBXFileReference; fileEncoding = 4; lastKnownFileType = sourcecode.swift; path = InfoViewController.swift; sourceTree = "<group>"; };
		380C9AC41DC0229B00417CA0 /* SettingsViewController.swift */ = {isa = PBXFileReference; fileEncoding = 4; lastKnownFileType = sourcecode.swift; path = SettingsViewController.swift; sourceTree = "<group>"; };
		380F26151DC06063004054BA /* TabViewController.swift */ = {isa = PBXFileReference; fileEncoding = 4; lastKnownFileType = sourcecode.swift; path = TabViewController.swift; sourceTree = "<group>"; };
		381177CC1DBC496A000F9BBC /* Teams+CoreDataProperties.swift */ = {isa = PBXFileReference; fileEncoding = 4; lastKnownFileType = sourcecode.swift; path = "Teams+CoreDataProperties.swift"; sourceTree = "<group>"; };
		381177CD1DBC496A000F9BBC /* Teams.swift */ = {isa = PBXFileReference; fileEncoding = 4; lastKnownFileType = sourcecode.swift; path = Teams.swift; sourceTree = "<group>"; };
		381177D01DBC4EE8000F9BBC /* TeamModel.swift */ = {isa = PBXFileReference; fileEncoding = 4; lastKnownFileType = sourcecode.swift; path = TeamModel.swift; sourceTree = "<group>"; };
		381177D21DBC8F81000F9BBC /* TableViewCell.swift */ = {isa = PBXFileReference; fileEncoding = 4; lastKnownFileType = sourcecode.swift; path = TableViewCell.swift; sourceTree = "<group>"; };
		381623811DB9715B00BF72CE /* Country+CoreDataProperties.swift */ = {isa = PBXFileReference; fileEncoding = 4; lastKnownFileType = sourcecode.swift; path = "Country+CoreDataProperties.swift"; sourceTree = "<group>"; };
		381623821DB9715B00BF72CE /* Country.swift */ = {isa = PBXFileReference; fileEncoding = 4; lastKnownFileType = sourcecode.swift; path = Country.swift; sourceTree = "<group>"; };
		381623851DB97A9F00BF72CE /* AddViewController.swift */ = {isa = PBXFileReference; fileEncoding = 4; lastKnownFileType = sourcecode.swift; path = AddViewController.swift; sourceTree = "<group>"; };
		3816238D1DBABD3A00BF72CE /* CoreDataHelper.swift */ = {isa = PBXFileReference; fileEncoding = 4; lastKnownFileType = sourcecode.swift; path = CoreDataHelper.swift; sourceTree = "<group>"; };
		382694E21DB8235700B733BC /* rraju_assignment4.app */ = {isa = PBXFileReference; explicitFileType = wrapper.application; includeInIndex = 0; path = rraju_assignment4.app; sourceTree = BUILT_PRODUCTS_DIR; };
		382694E51DB8235700B733BC /* AppDelegate.swift */ = {isa = PBXFileReference; lastKnownFileType = sourcecode.swift; path = AppDelegate.swift; sourceTree = "<group>"; };
		382694E71DB8235700B733BC /* ViewController.swift */ = {isa = PBXFileReference; lastKnownFileType = sourcecode.swift; path = ViewController.swift; sourceTree = "<group>"; };
		382694EA1DB8235700B733BC /* Base */ = {isa = PBXFileReference; lastKnownFileType = file.storyboard; name = Base; path = Base.lproj/Main.storyboard; sourceTree = "<group>"; };
		382694ED1DB8235700B733BC /* rraju_assignment4.xcdatamodel */ = {isa = PBXFileReference; lastKnownFileType = wrapper.xcdatamodel; path = rraju_assignment4.xcdatamodel; sourceTree = "<group>"; };
		382694EF1DB8235700B733BC /* Assets.xcassets */ = {isa = PBXFileReference; lastKnownFileType = folder.assetcatalog; path = Assets.xcassets; sourceTree = "<group>"; };
		382694F21DB8235700B733BC /* Base */ = {isa = PBXFileReference; lastKnownFileType = file.storyboard; name = Base; path = Base.lproj/LaunchScreen.storyboard; sourceTree = "<group>"; };
		382694F41DB8235700B733BC /* Info.plist */ = {isa = PBXFileReference; lastKnownFileType = text.plist.xml; path = Info.plist; sourceTree = "<group>"; };
		382694FA1DB836DF00B733BC /* PortalService.swift */ = {isa = PBXFileReference; fileEncoding = 4; lastKnownFileType = sourcecode.swift; path = PortalService.swift; sourceTree = "<group>"; };
		382695031DB9465000B733BC /* Leagues+CoreDataProperties.swift */ = {isa = PBXFileReference; fileEncoding = 4; lastKnownFileType = sourcecode.swift; path = "Leagues+CoreDataProperties.swift"; sourceTree = "<group>"; };
		382695041DB9465000B733BC /* Leagues.swift */ = {isa = PBXFileReference; fileEncoding = 4; lastKnownFileType = sourcecode.swift; path = Leagues.swift; sourceTree = "<group>"; };
		382695071DB94DCC00B733BC /* Sponsors+CoreDataProperties.swift */ = {isa = PBXFileReference; fileEncoding = 4; lastKnownFileType = sourcecode.swift; path = "Sponsors+CoreDataProperties.swift"; sourceTree = "<group>"; };
		382695081DB94DCC00B733BC /* Sponsors.swift */ = {isa = PBXFileReference; fileEncoding = 4; lastKnownFileType = sourcecode.swift; path = Sponsors.swift; sourceTree = "<group>"; };
		3857D59F1DBD560000141E6B /* DisplayViewController.swift */ = {isa = PBXFileReference; fileEncoding = 4; lastKnownFileType = sourcecode.swift; path = DisplayViewController.swift; sourceTree = "<group>"; };
		3857D5A11DBD5B1400141E6B /* MoreInfoViewController.swift */ = {isa = PBXFileReference; fileEncoding = 4; lastKnownFileType = sourcecode.swift; path = MoreInfoViewController.swift; sourceTree = "<group>"; };
		3857D5A31DBDC2CA00141E6B /* HomeViewController.swift */ = {isa = PBXFileReference; fileEncoding = 4; lastKnownFileType = sourcecode.swift; path = HomeViewController.swift; sourceTree = "<group>"; };
		4BA6BB4FA7F4E1CB43221D0F /* Pods_rraju_assignment4.framework */ = {isa = PBXFileReference; explicitFileType = wrapper.framework; includeInIndex = 0; path = Pods_rraju_assignment4.framework; sourceTree = BUILT_PRODUCTS_DIR; };
		EE34042380F044E747E4A09A /* Pods-rraju_assignment4.debug.xcconfig */ = {isa = PBXFileReference; includeInIndex = 1; lastKnownFileType = text.xcconfig; name = "Pods-rraju_assignment4.debug.xcconfig"; path = "Pods/Target Support Files/Pods-rraju_assignment4/Pods-rraju_assignment4.debug.xcconfig"; sourceTree = "<group>"; };
		F44E6DF6B9A464EC9303F684 /* Pods-rraju_assignment4.release.xcconfig */ = {isa = PBXFileReference; includeInIndex = 1; lastKnownFileType = text.xcconfig; name = "Pods-rraju_assignment4.release.xcconfig"; path = "Pods/Target Support Files/Pods-rraju_assignment4/Pods-rraju_assignment4.release.xcconfig"; sourceTree = "<group>"; };
/* End PBXFileReference section */

/* Begin PBXFrameworksBuildPhase section */
		382694DF1DB8235700B733BC /* Frameworks */ = {
			isa = PBXFrameworksBuildPhase;
			buildActionMask = 2147483647;
			files = (
				C714B32F0FE650D44E49894A /* Pods_rraju_assignment4.framework in Frameworks */,
			);
			runOnlyForDeploymentPostprocessing = 0;
		};
/* End PBXFrameworksBuildPhase section */

/* Begin PBXGroup section */
		14D23DF281630C776DE1C2AF /* Pods */ = {
			isa = PBXGroup;
			children = (
				EE34042380F044E747E4A09A /* Pods-rraju_assignment4.debug.xcconfig */,
				F44E6DF6B9A464EC9303F684 /* Pods-rraju_assignment4.release.xcconfig */,
			);
			name = Pods;
			sourceTree = "<group>";
		};
		382694D91DB8235600B733BC = {
			isa = PBXGroup;
			children = (
				382694E41DB8235700B733BC /* rraju_assignment4 */,
				382694E31DB8235700B733BC /* Products */,
				14D23DF281630C776DE1C2AF /* Pods */,
				B5989F9FB8AC53266352F389 /* Frameworks */,
			);
			sourceTree = "<group>";
		};
		382694E31DB8235700B733BC /* Products */ = {
			isa = PBXGroup;
			children = (
				382694E21DB8235700B733BC /* rraju_assignment4.app */,
			);
			name = Products;
			sourceTree = "<group>";
		};
		382694E41DB8235700B733BC /* rraju_assignment4 */ = {
			isa = PBXGroup;
			children = (
				382695021DB9412B00B733BC /* CoreData */,
				382694FA1DB836DF00B733BC /* PortalService.swift */,
				382694E51DB8235700B733BC /* AppDelegate.swift */,
				382694E71DB8235700B733BC /* ViewController.swift */,
				380C9AC41DC0229B00417CA0 /* SettingsViewController.swift */,
				382694E91DB8235700B733BC /* Main.storyboard */,
				382694EF1DB8235700B733BC /* Assets.xcassets */,
				382694F11DB8235700B733BC /* LaunchScreen.storyboard */,
				382694F41DB8235700B733BC /* Info.plist */,
				382694EC1DB8235700B733BC /* rraju_assignment4.xcdatamodeld */,
				381623851DB97A9F00BF72CE /* AddViewController.swift */,
				3816238D1DBABD3A00BF72CE /* CoreDataHelper.swift */,
				381177D01DBC4EE8000F9BBC /* TeamModel.swift */,
				381177D21DBC8F81000F9BBC /* TableViewCell.swift */,
				3857D59F1DBD560000141E6B /* DisplayViewController.swift */,
				3857D5A11DBD5B1400141E6B /* MoreInfoViewController.swift */,
				3857D5A31DBDC2CA00141E6B /* HomeViewController.swift */,
				380F26151DC06063004054BA /* TabViewController.swift */,
				3809B25F1DC105EB00D50EA1 /* InfoViewController.swift */,
			);
			path = rraju_assignment4;
			sourceTree = "<group>";
		};
		382695021DB9412B00B733BC /* CoreData */ = {
			isa = PBXGroup;
			children = (
				382695031DB9465000B733BC /* Leagues+CoreDataProperties.swift */,
				382695041DB9465000B733BC /* Leagues.swift */,
				382695071DB94DCC00B733BC /* Sponsors+CoreDataProperties.swift */,
				382695081DB94DCC00B733BC /* Sponsors.swift */,
				381623811DB9715B00BF72CE /* Country+CoreDataProperties.swift */,
				381623821DB9715B00BF72CE /* Country.swift */,
				381177CC1DBC496A000F9BBC /* Teams+CoreDataProperties.swift */,
				381177CD1DBC496A000F9BBC /* Teams.swift */,
			);
			name = CoreData;
			sourceTree = "<group>";
		};
		B5989F9FB8AC53266352F389 /* Frameworks */ = {
			isa = PBXGroup;
			children = (
				4BA6BB4FA7F4E1CB43221D0F /* Pods_rraju_assignment4.framework */,
			);
			name = Frameworks;
			sourceTree = "<group>";
		};
/* End PBXGroup section */

/* Begin PBXNativeTarget section */
		382694E11DB8235700B733BC /* rraju_assignment4 */ = {
			isa = PBXNativeTarget;
			buildConfigurationList = 382694F71DB8235700B733BC /* Build configuration list for PBXNativeTarget "rraju_assignment4" */;
			buildPhases = (
				04A25CB9BEB2C58512E50930 /* [CP] Check Pods Manifest.lock */,
				382694DE1DB8235700B733BC /* Sources */,
				382694DF1DB8235700B733BC /* Frameworks */,
				382694E01DB8235700B733BC /* Resources */,
				E91857CC55086695EC1DEA26 /* [CP] Embed Pods Frameworks */,
				90BE1AF72302A08B4DF5A6B0 /* [CP] Copy Pods Resources */,
			);
			buildRules = (
			);
			dependencies = (
			);
			name = rraju_assignment4;
			productName = rraju_assignment4;
			productReference = 382694E21DB8235700B733BC /* rraju_assignment4.app */;
			productType = "com.apple.product-type.application";
		};
/* End PBXNativeTarget section */

/* Begin PBXProject section */
		382694DA1DB8235700B733BC /* Project object */ = {
			isa = PBXProject;
			attributes = {
				LastSwiftUpdateCheck = 0730;
				LastUpgradeCheck = 0730;
				ORGANIZATIONNAME = "Rohith Raju";
				TargetAttributes = {
					382694E11DB8235700B733BC = {
						CreatedOnToolsVersion = 7.3.1;
					};
				};
			};
			buildConfigurationList = 382694DD1DB8235700B733BC /* Build configuration list for PBXProject "rraju_assignment4" */;
			compatibilityVersion = "Xcode 3.2";
			developmentRegion = English;
			hasScannedForEncodings = 0;
			knownRegions = (
				en,
				Base,
			);
			mainGroup = 382694D91DB8235600B733BC;
			productRefGroup = 382694E31DB8235700B733BC /* Products */;
			projectDirPath = "";
			projectRoot = "";
			targets = (
				382694E11DB8235700B733BC /* rraju_assignment4 */,
			);
		};
/* End PBXProject section */

/* Begin PBXResourcesBuildPhase section */
		382694E01DB8235700B733BC /* Resources */ = {
			isa = PBXResourcesBuildPhase;
			buildActionMask = 2147483647;
			files = (
				382694F31DB8235700B733BC /* LaunchScreen.storyboard in Resources */,
				382694F01DB8235700B733BC /* Assets.xcassets in Resources */,
				382694EB1DB8235700B733BC /* Main.storyboard in Resources */,
			);
			runOnlyForDeploymentPostprocessing = 0;
		};
/* End PBXResourcesBuildPhase section */

/* Begin PBXShellScriptBuildPhase section */
		04A25CB9BEB2C58512E50930 /* [CP] Check Pods Manifest.lock */ = {
			isa = PBXShellScriptBuildPhase;
			buildActionMask = 2147483647;
			files = (
			);
			inputPaths = (
			);
			name = "[CP] Check Pods Manifest.lock";
			outputPaths = (
			);
			runOnlyForDeploymentPostprocessing = 0;
			shellPath = /bin/sh;
			shellScript = "diff \"${PODS_ROOT}/../Podfile.lock\" \"${PODS_ROOT}/Manifest.lock\" > /dev/null\nif [ $? != 0 ] ; then\n    # print error to STDERR\n    echo \"error: The sandbox is not in sync with the Podfile.lock. Run 'pod install' or update your CocoaPods installation.\" >&2\n    exit 1\nfi\n";
			showEnvVarsInLog = 0;
		};
		90BE1AF72302A08B4DF5A6B0 /* [CP] Copy Pods Resources */ = {
			isa = PBXShellScriptBuildPhase;
			buildActionMask = 2147483647;
			files = (
			);
			inputPaths = (
			);
			name = "[CP] Copy Pods Resources";
			outputPaths = (
			);
			runOnlyForDeploymentPostprocessing = 0;
			shellPath = /bin/sh;
			shellScript = "\"${SRCROOT}/Pods/Target Support Files/Pods-rraju_assignment4/Pods-rraju_assignment4-resources.sh\"\n";
			showEnvVarsInLog = 0;
		};
		E91857CC55086695EC1DEA26 /* [CP] Embed Pods Frameworks */ = {
			isa = PBXShellScriptBuildPhase;
			buildActionMask = 2147483647;
			files = (
			);
			inputPaths = (
			);
			name = "[CP] Embed Pods Frameworks";
			outputPaths = (
			);
			runOnlyForDeploymentPostprocessing = 0;
			shellPath = /bin/sh;
			shellScript = "\"${SRCROOT}/Pods/Target Support Files/Pods-rraju_assignment4/Pods-rraju_assignment4-frameworks.sh\"\n";
			showEnvVarsInLog = 0;
		};
/* End PBXShellScriptBuildPhase section */

/* Begin PBXSourcesBuildPhase section */
		382694DE1DB8235700B733BC /* Sources */ = {
			isa = PBXSourcesBuildPhase;
			buildActionMask = 2147483647;
			files = (
				3816238E1DBABD3A00BF72CE /* CoreDataHelper.swift in Sources */,
				381623831DB9715B00BF72CE /* Country+CoreDataProperties.swift in Sources */,
				3857D5A41DBDC2CA00141E6B /* HomeViewController.swift in Sources */,
				380C9AC51DC0229B00417CA0 /* SettingsViewController.swift in Sources */,
				381177D11DBC4EE8000F9BBC /* TeamModel.swift in Sources */,
				3857D5A21DBD5B1400141E6B /* MoreInfoViewController.swift in Sources */,
				381623861DB97A9F00BF72CE /* AddViewController.swift in Sources */,
				382694E81DB8235700B733BC /* ViewController.swift in Sources */,
				382695091DB94DCC00B733BC /* Sponsors+CoreDataProperties.swift in Sources */,
				3857D5A01DBD560000141E6B /* DisplayViewController.swift in Sources */,
				381177CF1DBC496A000F9BBC /* Teams.swift in Sources */,
				381177CE1DBC496A000F9BBC /* Teams+CoreDataProperties.swift in Sources */,
				3809B2601DC105EB00D50EA1 /* InfoViewController.swift in Sources */,
				380F26161DC06063004054BA /* TabViewController.swift in Sources */,
				382694FB1DB836DF00B733BC /* PortalService.swift in Sources */,
				382695061DB9465000B733BC /* Leagues.swift in Sources */,
				3826950A1DB94DCC00B733BC /* Sponsors.swift in Sources */,
				381623841DB9715B00BF72CE /* Country.swift in Sources */,
				382694EE1DB8235700B733BC /* rraju_assignment4.xcdatamodeld in Sources */,
				381177D31DBC8F81000F9BBC /* TableViewCell.swift in Sources */,
				382695051DB9465000B733BC /* Leagues+CoreDataProperties.swift in Sources */,
				382694E61DB8235700B733BC /* AppDelegate.swift in Sources */,
			);
			runOnlyForDeploymentPostprocessing = 0;
		};
/* End PBXSourcesBuildPhase section */

/* Begin PBXVariantGroup section */
		382694E91DB8235700B733BC /* Main.storyboard */ = {
			isa = PBXVariantGroup;
			children = (
				382694EA1DB8235700B733BC /* Base */,
			);
			name = Main.storyboard;
			sourceTree = "<group>";
		};
		382694F11DB8235700B733BC /* LaunchScreen.storyboard */ = {
			isa = PBXVariantGroup;
			children = (
				382694F21DB8235700B733BC /* Base */,
			);
			name = LaunchScreen.storyboard;
			sourceTree = "<group>";
		};
/* End PBXVariantGroup section */

/* Begin XCBuildConfiguration section */
		382694F51DB8235700B733BC /* Debug */ = {
			isa = XCBuildConfiguration;
			buildSettings = {
				ALWAYS_SEARCH_USER_PATHS = NO;
				CLANG_ANALYZER_NONNULL = YES;
				CLANG_CXX_LANGUAGE_STANDARD = "gnu++0x";
				CLANG_CXX_LIBRARY = "libc++";
				CLANG_ENABLE_MODULES = YES;
				CLANG_ENABLE_OBJC_ARC = YES;
				CLANG_WARN_BOOL_CONVERSION = YES;
				CLANG_WARN_CONSTANT_CONVERSION = YES;
				CLANG_WARN_DIRECT_OBJC_ISA_USAGE = YES_ERROR;
				CLANG_WARN_EMPTY_BODY = YES;
				CLANG_WARN_ENUM_CONVERSION = YES;
				CLANG_WARN_INT_CONVERSION = YES;
				CLANG_WARN_OBJC_ROOT_CLASS = YES_ERROR;
				CLANG_WARN_UNREACHABLE_CODE = YES;
				CLANG_WARN__DUPLICATE_METHOD_MATCH = YES;
				"CODE_SIGN_IDENTITY[sdk=iphoneos*]" = "iPhone Developer";
				COPY_PHASE_STRIP = NO;
				DEBUG_INFORMATION_FORMAT = dwarf;
				ENABLE_STRICT_OBJC_MSGSEND = YES;
				ENABLE_TESTABILITY = YES;
				GCC_C_LANGUAGE_STANDARD = gnu99;
				GCC_DYNAMIC_NO_PIC = NO;
				GCC_NO_COMMON_BLOCKS = YES;
				GCC_OPTIMIZATION_LEVEL = 0;
				GCC_PREPROCESSOR_DEFINITIONS = (
					"DEBUG=1",
					"$(inherited)",
				);
				GCC_WARN_64_TO_32_BIT_CONVERSION = YES;
				GCC_WARN_ABOUT_RETURN_TYPE = YES_ERROR;
				GCC_WARN_UNDECLARED_SELECTOR = YES;
				GCC_WARN_UNINITIALIZED_AUTOS = YES_AGGRESSIVE;
				GCC_WARN_UNUSED_FUNCTION = YES;
				GCC_WARN_UNUSED_VARIABLE = YES;
				IPHONEOS_DEPLOYMENT_TARGET = 9.3;
				MTL_ENABLE_DEBUG_INFO = YES;
				ONLY_ACTIVE_ARCH = YES;
				SDKROOT = iphoneos;
				SWIFT_OPTIMIZATION_LEVEL = "-Onone";
				TARGETED_DEVICE_FAMILY = "1,2";
			};
			name = Debug;
		};
		382694F61DB8235700B733BC /* Release */ = {
			isa = XCBuildConfiguration;
			buildSettings = {
				ALWAYS_SEARCH_USER_PATHS = NO;
				CLANG_ANALYZER_NONNULL = YES;
				CLANG_CXX_LANGUAGE_STANDARD = "gnu++0x";
				CLANG_CXX_LIBRARY = "libc++";
				CLANG_ENABLE_MODULES = YES;
				CLANG_ENABLE_OBJC_ARC = YES;
				CLANG_WARN_BOOL_CONVERSION = YES;
				CLANG_WARN_CONSTANT_CONVERSION = YES;
				CLANG_WARN_DIRECT_OBJC_ISA_USAGE = YES_ERROR;
				CLANG_WARN_EMPTY_BODY = YES;
				CLANG_WARN_ENUM_CONVERSION = YES;
				CLANG_WARN_INT_CONVERSION = YES;
				CLANG_WARN_OBJC_ROOT_CLASS = YES_ERROR;
				CLANG_WARN_UNREACHABLE_CODE = YES;
				CLANG_WARN__DUPLICATE_METHOD_MATCH = YES;
				"CODE_SIGN_IDENTITY[sdk=iphoneos*]" = "iPhone Developer";
				COPY_PHASE_STRIP = NO;
				DEBUG_INFORMATION_FORMAT = "dwarf-with-dsym";
				ENABLE_NS_ASSERTIONS = NO;
				ENABLE_STRICT_OBJC_MSGSEND = YES;
				GCC_C_LANGUAGE_STANDARD = gnu99;
				GCC_NO_COMMON_BLOCKS = YES;
				GCC_WARN_64_TO_32_BIT_CONVERSION = YES;
				GCC_WARN_ABOUT_RETURN_TYPE = YES_ERROR;
				GCC_WARN_UNDECLARED_SELECTOR = YES;
				GCC_WARN_UNINITIALIZED_AUTOS = YES_AGGRESSIVE;
				GCC_WARN_UNUSED_FUNCTION = YES;
				GCC_WARN_UNUSED_VARIABLE = YES;
				IPHONEOS_DEPLOYMENT_TARGET = 9.3;
				MTL_ENABLE_DEBUG_INFO = NO;
				SDKROOT = iphoneos;
				TARGETED_DEVICE_FAMILY = "1,2";
				VALIDATE_PRODUCT = YES;
			};
			name = Release;
		};
		382694F81DB8235700B733BC /* Debug */ = {
			isa = XCBuildConfiguration;
			baseConfigurationReference = EE34042380F044E747E4A09A /* Pods-rraju_assignment4.debug.xcconfig */;
			buildSettings = {
				ASSETCATALOG_COMPILER_APPICON_NAME = AppIcon;
				INFOPLIST_FILE = rraju_assignment4/Info.plist;
				LD_RUNPATH_SEARCH_PATHS = "$(inherited) @executable_path/Frameworks";
				PRODUCT_BUNDLE_IDENTIFIER = "CU.rraju-assignment4";
				PRODUCT_NAME = "$(TARGET_NAME)";
			};
			name = Debug;
		};
		382694F91DB8235700B733BC /* Release */ = {
			isa = XCBuildConfiguration;
			baseConfigurationReference = F44E6DF6B9A464EC9303F684 /* Pods-rraju_assignment4.release.xcconfig */;
			buildSettings = {
				ASSETCATALOG_COMPILER_APPICON_NAME = AppIcon;
				INFOPLIST_FILE = rraju_assignment4/Info.plist;
				LD_RUNPATH_SEARCH_PATHS = "$(inherited) @executable_path/Frameworks";
				PRODUCT_BUNDLE_IDENTIFIER = "CU.rraju-assignment4";
				PRODUCT_NAME = "$(TARGET_NAME)";
			};
			name = Release;
		};
/* End XCBuildConfiguration section */

/* Begin XCConfigurationList section */
		382694DD1DB8235700B733BC /* Build configuration list for PBXProject "rraju_assignment4" */ = {
			isa = XCConfigurationList;
			buildConfigurations = (
				382694F51DB8235700B733BC /* Debug */,
				382694F61DB8235700B733BC /* Release */,
			);
			defaultConfigurationIsVisible = 0;
			defaultConfigurationName = Release;
		};
		382694F71DB8235700B733BC /* Build configuration list for PBXNativeTarget "rraju_assignment4" */ = {
			isa = XCConfigurationList;
			buildConfigurations = (
				382694F81DB8235700B733BC /* Debug */,
				382694F91DB8235700B733BC /* Release */,
			);
			defaultConfigurationIsVisible = 0;
			defaultConfigurationName = Release;
		};
/* End XCConfigurationList section */

/* Begin XCVersionGroup section */
		382694EC1DB8235700B733BC /* rraju_assignment4.xcdatamodeld */ = {
			isa = XCVersionGroup;
			children = (
				382694ED1DB8235700B733BC /* rraju_assignment4.xcdatamodel */,
			);
			currentVersion = 382694ED1DB8235700B733BC /* rraju_assignment4.xcdatamodel */;
			path = rraju_assignment4.xcdatamodeld;
			sourceTree = "<group>";
			versionGroupType = wrapper.xcdatamodel;
		};
/* End XCVersionGroup section */
	};
	rootObject = 382694DA1DB8235700B733BC /* Project object */;
}
