// !$*UTF8*$!
{
	archiveVersion = 1;
	classes = {
	};
	objectVersion = 46;
	objects = {

/* Begin PBXBuildFile section */
		382694E61DB8235700B733BC /* AppDelegate.swift in Sources */ = {isa = PBXBuildFile; fileRef = 382694E51DB8235700B733BC /* AppDelegate.swift */; };
		382694E81DB8235700B733BC /* ViewController.swift in Sources */ = {isa = PBXBuildFile; fileRef = 382694E71DB8235700B733BC /* ViewController.swift */; };
		382694EB1DB8235700B733BC /* Main.storyboard in Resources */ = {isa = PBXBuildFile; fileRef = 382694E91DB8235700B733BC /* Main.storyboard */; };
		382694EE1DB8235700B733BC /* rraju_assignment4.xcdatamodeld in Sources */ = {isa = PBXBuildFile; fileRef = 382694EC1DB8235700B733BC /* rraju_assignment4.xcdatamodeld */; };
		382694F01DB8235700B733BC /* Assets.xcassets in Resources */ = {isa = PBXBuildFile; fileRef = 382694EF1DB8235700B733BC /* Assets.xcassets */; };
		382694F31DB8235700B733BC /* LaunchScreen.storyboard in Resources */ = {isa = PBXBuildFile; fileRef = 382694F11DB8235700B733BC /* LaunchScreen.storyboard */; };
/* End PBXBuildFile section */

/* Begin PBXFileReference section */
		382694E21DB8235700B733BC /* rraju_assignment4.app */ = {isa = PBXFileReference; explicitFileType = wrapper.application; includeInIndex = 0; path = rraju_assignment4.app; sourceTree = BUILT_PRODUCTS_DIR; };
		382694E51DB8235700B733BC /* AppDelegate.swift */ = {isa = PBXFileReference; lastKnownFileType = sourcecode.swift; path = AppDelegate.swift; sourceTree = "<group>"; };
		382694E71DB8235700B733BC /* ViewController.swift */ = {isa = PBXFileReference; lastKnownFileType = sourcecode.swift; path = ViewController.swift; sourceTree = "<group>"; };
		382694EA1DB8235700B733BC /* Base */ = {isa = PBXFileReference; lastKnownFileType = file.storyboard; name = Base; path = Base.lproj/Main.storyboard; sourceTree = "<group>"; };
		382694ED1DB8235700B733BC /* rraju_assignment4.xcdatamodel */ = {isa = PBXFileReference; lastKnownFileType = wrapper.xcdatamodel; path = rraju_assignment4.xcdatamodel; sourceTree = "<group>"; };
		382694EF1DB8235700B733BC /* Assets.xcassets */ = {isa = PBXFileReference; lastKnownFileType = folder.assetcatalog; path = Assets.xcassets; sourceTree = "<group>"; };
		382694F21DB8235700B733BC /* Base */ = {isa = PBXFileReference; lastKnownFileType = file.storyboard; name = Base; path = Base.lproj/LaunchScreen.storyboard; sourceTree = "<group>"; };
		382694F41DB8235700B733BC /* Info.plist */ = {isa = PBXFileReference; lastKnownFileType = text.plist.xml; path = Info.plist; sourceTree = "<group>"; };
/* End PBXFileReference section */

/* Begin PBXFrameworksBuildPhase section */
		382694DF1DB8235700B733BC /* Frameworks */ = {
			isa = PBXFrameworksBuildPhase;
			buildActionMask = 2147483647;
			files = (
			);
			runOnlyForDeploymentPostprocessing = 0;
		};
/* End PBXFrameworksBuildPhase section */

/* Begin PBXGroup section */
		382694D91DB8235600B733BC = {
			isa = PBXGroup;
			children = (
				382694E41DB8235700B733BC /* rraju_assignment4 */,
				382694E31DB8235700B733BC /* Products */,
			);
			sourceTree = "<group>";
		};
		382694E31DB8235700B733BC /* Products */ = {
			isa = PBXGroup;
			children = (
				382694E21DB8235700B733BC /* rraju_assignment4.app */,
			);
			name = Products;
			sourceTree = "<group>";
		};
		382694E41DB8235700B733BC /* rraju_assignment4 */ = {
			isa = PBXGroup;
			children = (
				382694E51DB8235700B733BC /* AppDelegate.swift */,
				382694E71DB8235700B733BC /* ViewController.swift */,
				382694E91DB8235700B733BC /* Main.storyboard */,
				382694EF1DB8235700B733BC /* Assets.xcassets */,
				382694F11DB8235700B733BC /* LaunchScreen.storyboard */,
				382694F41DB8235700B733BC /* Info.plist */,
				382694EC1DB8235700B733BC /* rraju_assignment4.xcdatamodeld */,
			);
			path = rraju_assignment4;
			sourceTree = "<group>";
		};
/* End PBXGroup section */

/* Begin PBXNativeTarget section */
		382694E11DB8235700B733BC /* rraju_assignment4 */ = {
			isa = PBXNativeTarget;
			buildConfigurationList = 382694F71DB8235700B733BC /* Build configuration list for PBXNativeTarget "rraju_assignment4" */;
			buildPhases = (
				382694DE1DB8235700B733BC /* Sources */,
				382694DF1DB8235700B733BC /* Frameworks */,
				382694E01DB8235700B733BC /* Resources */,
			);
			buildRules = (
			);
			dependencies = (
			);
			name = rraju_assignment4;
			productName = rraju_assignment4;
			productReference = 382694E21DB8235700B733BC /* rraju_assignment4.app */;
			productType = "com.apple.product-type.application";
		};
/* End PBXNativeTarget section */

/* Begin PBXProject section */
		382694DA1DB8235700B733BC /* Project object */ = {
			isa = PBXProject;
			attributes = {
				LastSwiftUpdateCheck = 0730;
				LastUpgradeCheck = 0730;
				ORGANIZATIONNAME = "Rohith Raju";
				TargetAttributes = {
					382694E11DB8235700B733BC = {
						CreatedOnToolsVersion = 7.3.1;
					};
				};
			};
			buildConfigurationList = 382694DD1DB8235700B733BC /* Build configuration list for PBXProject "rraju_assignment4" */;
			compatibilityVersion = "Xcode 3.2";
			developmentRegion = English;
			hasScannedForEncodings = 0;
			knownRegions = (
				en,
				Base,
			);
			mainGroup = 382694D91DB8235600B733BC;
			productRefGroup = 382694E31DB8235700B733BC /* Products */;
			projectDirPath = "";
			projectRoot = "";
			targets = (
				382694E11DB8235700B733BC /* rraju_assignment4 */,
			);
		};
/* End PBXProject section */

/* Begin PBXResourcesBuildPhase section */
		382694E01DB8235700B733BC /* Resources */ = {
			isa = PBXResourcesBuildPhase;
			buildActionMask = 2147483647;
			files = (
				382694F31DB8235700B733BC /* LaunchScreen.storyboard in Resources */,
				382694F01DB8235700B733BC /* Assets.xcassets in Resources */,
				382694EB1DB8235700B733BC /* Main.storyboard in Resources */,
			);
			runOnlyForDeploymentPostprocessing = 0;
		};
/* End PBXResourcesBuildPhase section */

/* Begin PBXSourcesBuildPhase section */
		382694DE1DB8235700B733BC /* Sources */ = {
			isa = PBXSourcesBuildPhase;
			buildActionMask = 2147483647;
			files = (
				382694E81DB8235700B733BC /* ViewController.swift in Sources */,
				382694EE1DB8235700B733BC /* rraju_assignment4.xcdatamodeld in Sources */,
				382694E61DB8235700B733BC /* AppDelegate.swift in Sources */,
			);
			runOnlyForDeploymentPostprocessing = 0;
		};
/* End PBXSourcesBuildPhase section */

/* Begin PBXVariantGroup section */
		382694E91DB8235700B733BC /* Main.storyboard */ = {
			isa = PBXVariantGroup;
			children = (
				382694EA1DB8235700B733BC /* Base */,
			);
			name = Main.storyboard;
			sourceTree = "<group>";
		};
		382694F11DB8235700B733BC /* LaunchScreen.storyboard */ = {
			isa = PBXVariantGroup;
			children = (
				382694F21DB8235700B733BC /* Base */,
			);
			name = LaunchScreen.storyboard;
			sourceTree = "<group>";
		};
/* End PBXVariantGroup section */

/* Begin XCBuildConfiguration section */
		382694F51DB8235700B733BC /* Debug */ = {
			isa = XCBuildConfiguration;
			buildSettings = {
				ALWAYS_SEARCH_USER_PATHS = NO;
				CLANG_ANALYZER_NONNULL = YES;
				CLANG_CXX_LANGUAGE_STANDARD = "gnu++0x";
				CLANG_CXX_LIBRARY = "libc++";
				CLANG_ENABLE_MODULES = YES;
				CLANG_ENABLE_OBJC_ARC = YES;
				CLANG_WARN_BOOL_CONVERSION = YES;
				CLANG_WARN_CONSTANT_CONVERSION = YES;
				CLANG_WARN_DIRECT_OBJC_ISA_USAGE = YES_ERROR;
				CLANG_WARN_EMPTY_BODY = YES;
				CLANG_WARN_ENUM_CONVERSION = YES;
				CLANG_WARN_INT_CONVERSION = YES;
				CLANG_WARN_OBJC_ROOT_CLASS = YES_ERROR;
				CLANG_WARN_UNREACHABLE_CODE = YES;
				CLANG_WARN__DUPLICATE_METHOD_MATCH = YES;
				"CODE_SIGN_IDENTITY[sdk=iphoneos*]" = "iPhone Developer";
				COPY_PHASE_STRIP = NO;
				DEBUG_INFORMATION_FORMAT = dwarf;
				ENABLE_STRICT_OBJC_MSGSEND = YES;
				ENABLE_TESTABILITY = YES;
				GCC_C_LANGUAGE_STANDARD = gnu99;
				GCC_DYNAMIC_NO_PIC = NO;
				GCC_NO_COMMON_BLOCKS = YES;
				GCC_OPTIMIZATION_LEVEL = 0;
				GCC_PREPROCESSOR_DEFINITIONS = (
					"DEBUG=1",
					"$(inherited)",
				);
				GCC_WARN_64_TO_32_BIT_CONVERSION = YES;
				GCC_WARN_ABOUT_RETURN_TYPE = YES_ERROR;
				GCC_WARN_UNDECLARED_SELECTOR = YES;
				GCC_WARN_UNINITIALIZED_AUTOS = YES_AGGRESSIVE;
				GCC_WARN_UNUSED_FUNCTION = YES;
				GCC_WARN_UNUSED_VARIABLE = YES;
				IPHONEOS_DEPLOYMENT_TARGET = 9.3;
				MTL_ENABLE_DEBUG_INFO = YES;
				ONLY_ACTIVE_ARCH = YES;
				SDKROOT = iphoneos;
				SWIFT_OPTIMIZATION_LEVEL = "-Onone";
				TARGETED_DEVICE_FAMILY = "1,2";
			};
			name = Debug;
		};
		382694F61DB8235700B733BC /* Release */ = {
			isa = XCBuildConfiguration;
			buildSettings = {
				ALWAYS_SEARCH_USER_PATHS = NO;
				CLANG_ANALYZER_NONNULL = YES;
				CLANG_CXX_LANGUAGE_STANDARD = "gnu++0x";
				CLANG_CXX_LIBRARY = "libc++";
				CLANG_ENABLE_MODULES = YES;
				CLANG_ENABLE_OBJC_ARC = YES;
				CLANG_WARN_BOOL_CONVERSION = YES;
				CLANG_WARN_CONSTANT_CONVERSION = YES;
				CLANG_WARN_DIRECT_OBJC_ISA_USAGE = YES_ERROR;
				CLANG_WARN_EMPTY_BODY = YES;
				CLANG_WARN_ENUM_CONVERSION = YES;
				CLANG_WARN_INT_CONVERSION = YES;
				CLANG_WARN_OBJC_ROOT_CLASS = YES_ERROR;
				CLANG_WARN_UNREACHABLE_CODE = YES;
				CLANG_WARN__DUPLICATE_METHOD_MATCH = YES;
				"CODE_SIGN_IDENTITY[sdk=iphoneos*]" = "iPhone Developer";
				COPY_PHASE_STRIP = NO;
				DEBUG_INFORMATION_FORMAT = "dwarf-with-dsym";
				ENABLE_NS_ASSERTIONS = NO;
				ENABLE_STRICT_OBJC_MSGSEND = YES;
				GCC_C_LANGUAGE_STANDARD = gnu99;
				GCC_NO_COMMON_BLOCKS = YES;
				GCC_WARN_64_TO_32_BIT_CONVERSION = YES;
				GCC_WARN_ABOUT_RETURN_TYPE = YES_ERROR;
				GCC_WARN_UNDECLARED_SELECTOR = YES;
				GCC_WARN_UNINITIALIZED_AUTOS = YES_AGGRESSIVE;
				GCC_WARN_UNUSED_FUNCTION = YES;
				GCC_WARN_UNUSED_VARIABLE = YES;
				IPHONEOS_DEPLOYMENT_TARGET = 9.3;
				MTL_ENABLE_DEBUG_INFO = NO;
				SDKROOT = iphoneos;
				TARGETED_DEVICE_FAMILY = "1,2";
				VALIDATE_PRODUCT = YES;
			};
			name = Release;
		};
		382694F81DB8235700B733BC /* Debug */ = {
			isa = XCBuildConfiguration;
			buildSettings = {
				ASSETCATALOG_COMPILER_APPICON_NAME = AppIcon;
				INFOPLIST_FILE = rraju_assignment4/Info.plist;
				LD_RUNPATH_SEARCH_PATHS = "$(inherited) @executable_path/Frameworks";
				PRODUCT_BUNDLE_IDENTIFIER = "CU.rraju-assignment4";
				PRODUCT_NAME = "$(TARGET_NAME)";
			};
			name = Debug;
		};
		382694F91DB8235700B733BC /* Release */ = {
			isa = XCBuildConfiguration;
			buildSettings = {
				ASSETCATALOG_COMPILER_APPICON_NAME = AppIcon;
				INFOPLIST_FILE = rraju_assignment4/Info.plist;
				LD_RUNPATH_SEARCH_PATHS = "$(inherited) @executable_path/Frameworks";
				PRODUCT_BUNDLE_IDENTIFIER = "CU.rraju-assignment4";
				PRODUCT_NAME = "$(TARGET_NAME)";
			};
			name = Release;
		};
/* End XCBuildConfiguration section */

/* Begin XCConfigurationList section */
		382694DD1DB8235700B733BC /* Build configuration list for PBXProject "rraju_assignment4" */ = {
			isa = XCConfigurationList;
			buildConfigurations = (
				382694F51DB8235700B733BC /* Debug */,
				382694F61DB8235700B733BC /* Release */,
			);
			defaultConfigurationIsVisible = 0;
			defaultConfigurationName = Release;
		};
		382694F71DB8235700B733BC /* Build configuration list for PBXNativeTarget "rraju_assignment4" */ = {
			isa = XCConfigurationList;
			buildConfigurations = (
				382694F81DB8235700B733BC /* Debug */,
				382694F91DB8235700B733BC /* Release */,
			);
			defaultConfigurationIsVisible = 0;
		};
/* End XCConfigurationList section */

/* Begin XCVersionGroup section */
		382694EC1DB8235700B733BC /* rraju_assignment4.xcdatamodeld */ = {
			isa = XCVersionGroup;
			children = (
				382694ED1DB8235700B733BC /* rraju_assignment4.xcdatamodel */,
			);
			currentVersion = 382694ED1DB8235700B733BC /* rraju_assignment4.xcdatamodel */;
			path = rraju_assignment4.xcdatamodeld;
			sourceTree = "<group>";
			versionGroupType = wrapper.xcdatamodel;
		};
/* End XCVersionGroup section */
	};
	rootObject = 382694DA1DB8235700B733BC /* Project object */;
}
